
Microsoft Visual Studio Solution File, Format Version 12.00
# Visual Studio Version 16
VisualStudioVersion = 16.0.34114.132
MinimumVisualStudioVersion = 10.0.40219.1
Project("{FAE04EC0-301F-11D3-BF4B-00C04F79EFBC}") = "TRPG", "TRPG\TRPG.csproj", "{4268AEFE-D94F-42B6-96BE-ED7CF6A6599C}"
EndProject
Global
	GlobalSection(SolutionConfigurationPlatforms) = preSolution
		Debug|Any CPU = Debug|Any CPU
		Release|Any CPU = Release|Any CPU
	EndGlobalSection
	GlobalSection(ProjectConfigurationPlatforms) = postSolution
		{4268AEFE-D94F-42B6-96BE-ED7CF6A6599C}.Debug|Any CPU.ActiveCfg = Debug|Any CPU
		{4268AEFE-D94F-42B6-96BE-ED7CF6A6599C}.Debug|Any CPU.Build.0 = Debug|Any CPU
		{4268AEFE-D94F-42B6-96BE-ED7CF6A6599C}.Release|Any CPU.ActiveCfg = Release|Any CPU
		{4268AEFE-D94F-42B6-96BE-ED7CF6A6599C}.Release|Any CPU.Build.0 = Release|Any CPU
	EndGlobalSection
	GlobalSection(SolutionProperties) = preSolution
		HideSolutionNode = FALSE
	EndGlobalSection
	GlobalSection(ExtensibilityGlobals) = postSolution
		SolutionGuid = {5C8D1F75-8FAD-4BD8-824B-954F13E18CCC}
	EndGlobalSection
EndGlobal
